{
  "name": "misc",
  "lockfileVersion": 2,
  "requires": true,
  "packages": {
    "": {
      "devDependencies": {
        "@types/fhir": "^0.0.34",
        "typescript": "^4.4.3"
      }
    },
    "node_modules/@types/fhir": {
      "version": "0.0.34",
      "resolved": "https://registry.npmjs.org/@types/fhir/-/fhir-0.0.34.tgz",
      "integrity": "sha512-8pCGwxYMKbxHzFmekh4HnhLvolDB+Tj61LT6yFkL+ERSFtbUvEdvcxMip52pd0vW4PLUyUk1otRvZq07HKCSzQ==",
      "dev": true
    },
    "node_modules/typescript": {
      "version": "4.4.3",
      "resolved": "https://registry.npmjs.org/typescript/-/typescript-4.4.3.tgz",
      "integrity": "sha512-4xfscpisVgqqDfPaJo5vkd+Qd/ItkoagnHpufr+i2QCHBsNYp+G7UAoyFl8aPtx879u38wPV65rZ8qbGZijalA==",
      "dev": true,
      "bin": {
        "tsc": "bin/tsc",
        "tsserver": "bin/tsserver"
      },
      "engines": {
        "node": ">=4.2.0"
      }
    }
  },
  "dependencies": {
    "@types/fhir": {
      "version": "0.0.34",
      "resolved": "https://registry.npmjs.org/@types/fhir/-/fhir-0.0.34.tgz",
      "integrity": "sha512-8pCGwxYMKbxHzFmekh4HnhLvolDB+Tj61LT6yFkL+ERSFtbUvEdvcxMip52pd0vW4PLUyUk1otRvZq07HKCSzQ==",
      "dev": true
    },
    "typescript": {
      "version": "4.4.3",
      "resolved": "https://registry.npmjs.org/typescript/-/typescript-4.4.3.tgz",
      "integrity": "sha512-4xfscpisVgqqDfPaJo5vkd+Qd/ItkoagnHpufr+i2QCHBsNYp+G7UAoyFl8aPtx879u38wPV65rZ8qbGZijalA==",
      "dev": true
    }
  }
}
